<?xml version="1.0" encoding="utf-8"?>
<Project ToolsVersion="4.0" xmlns="http://schemas.microsoft.com/developer/msbuild/2003">
  <ItemGroup>
    <Filter Include="Source Files">
      <UniqueIdentifier>{4FC737F1-C7A5-4376-A066-2A32D752A2FF}</UniqueIdentifier>
      <Extensions>cpp;c;cc;cxx;def;odl;idl;hpj;bat;asm;asmx</Extensions>
    </Filter>
    <Filter Include="Header Files">
      <UniqueIdentifier>{93995380-89BD-4b04-88EB-625FBE52EBFB}</UniqueIdentifier>
      <Extensions>h;hpp;hxx;hm;inl;inc;xsd</Extensions>
    </Filter>
    <Filter Include="Resource Files">
      <UniqueIdentifier>{67DA6AB6-F800-4c08-8B7A-83BB121AAD01}</UniqueIdentifier>
      <Extensions>rc;ico;cur;bmp;dlg;rc2;rct;bin;rgs;gif;jpg;jpeg;jpe;resx;tiff;tif;png;wav;mfcribbon-ms</Extensions>
    </Filter>
  </ItemGroup>
  <ItemGroup>
    <None Include="ReadMe.txt" />
  </ItemGroup>
  <ItemGroup>
    <ClInclude Include="..\src\base\CharDistribution.h">
      <Filter>Source Files</Filter>
    </ClInclude>
    <ClInclude Include="..\src\base\JpCntx.h">
      <Filter>Source Files</Filter>
    </ClInclude>
    <ClInclude Include="..\src\base\nsBig5Prober.h">
      <Filter>Source Files</Filter>
    </ClInclude>
    <ClInclude Include="..\src\base\nsCharSetProber.h">
      <Filter>Source Files</Filter>
    </ClInclude>
    <ClInclude Include="..\src\base\nsCodingStateMachine.h">
      <Filter>Source Files</Filter>
    </ClInclude>
    <ClInclude Include="..\src\base\nscore.h">
      <Filter>Source Files</Filter>
    </ClInclude>
    <ClInclude Include="..\src\base\nsEscCharsetProber.h">
      <Filter>Source Files</Filter>
    </ClInclude>
    <ClInclude Include="..\src\base\nsEUCJPProber.h">
      <Filter>Source Files</Filter>
    </ClInclude>
    <ClInclude Include="..\src\base\nsEUCKRProber.h">
      <Filter>Source Files</Filter>
    </ClInclude>
    <ClInclude Include="..\src\base\nsEUCTWProber.h">
      <Filter>Source Files</Filter>
    </ClInclude>
    <ClInclude Include="..\src\base\nsGB2312Prober.h">
      <Filter>Source Files</Filter>
    </ClInclude>
    <ClInclude Include="..\src\base\nsHebrewProber.h">
      <Filter>Source Files</Filter>
    </ClInclude>
    <ClInclude Include="..\src\base\nsLatin1Prober.h">
      <Filter>Source Files</Filter>
    </ClInclude>
    <ClInclude Include="..\src\base\nsMBCSGroupProber.h">
      <Filter>Source Files</Filter>
    </ClInclude>
    <ClInclude Include="..\src\base\nsPkgInt.h">
      <Filter>Source Files</Filter>
    </ClInclude>
    <ClInclude Include="..\src\base\nsSBCharSetProber.h">
      <Filter>Source Files</Filter>
    </ClInclude>
    <ClInclude Include="..\src\base\nsSBCSGroupProber.h">
      <Filter>Source Files</Filter>
    </ClInclude>
    <ClInclude Include="..\src\base\nsSJISProber.h">
      <Filter>Source Files</Filter>
    </ClInclude>
    <ClInclude Include="..\src\base\nsUniversalDetector.h">
      <Filter>Source Files</Filter>
    </ClInclude>
    <ClInclude Include="..\src\base\nsUTF8Prober.h">
      <Filter>Source Files</Filter>
    </ClInclude>
    <ClInclude Include="..\src\base\prmem.h">
      <Filter>Source Files</Filter>
    </ClInclude>
  </ItemGroup>
  <ItemGroup>
    <ClCompile Include="..\src\base\CharDistribution.cpp">
      <Filter>Source Files</Filter>
    </ClCompile>
    <ClCompile Include="..\src\base\JpCntx.cpp">
      <Filter>Source Files</Filter>
    </ClCompile>
    <ClCompile Include="..\src\base\LangBulgarianModel.cpp">
      <Filter>Source Files</Filter>
    </ClCompile>
    <ClCompile Include="..\src\base\LangCyrillicModel.cpp">
      <Filter>Source Files</Filter>
    </ClCompile>
    <ClCompile Include="..\src\base\LangGreekModel.cpp">
      <Filter>Source Files</Filter>
    </ClCompile>
    <ClCompile Include="..\src\base\LangHebrewModel.cpp">
      <Filter>Source Files</Filter>
    </ClCompile>
    <ClCompile Include="..\src\base\LangHungarianModel.cpp">
      <Filter>Source Files</Filter>
    </ClCompile>
    <ClCompile Include="..\src\base\LangThaiModel.cpp">
      <Filter>Source Files</Filter>
    </ClCompile>
    <ClCompile Include="..\src\base\nsBig5Prober.cpp">
      <Filter>Source Files</Filter>
    </ClCompile>
    <ClCompile Include="..\src\base\nsCharSetProber.cpp">
      <Filter>Source Files</Filter>
    </ClCompile>
    <ClCompile Include="..\src\base\nsEscCharsetProber.cpp">
      <Filter>Source Files</Filter>
    </ClCompile>
    <ClCompile Include="..\src\base\nsEscSM.cpp">
      <Filter>Source Files</Filter>
    </ClCompile>
    <ClCompile Include="..\src\base\nsEUCJPProber.cpp">
      <Filter>Source Files</Filter>
    </ClCompile>
    <ClCompile Include="..\src\base\nsEUCKRProber.cpp">
      <Filter>Source Files</Filter>
    </ClCompile>
    <ClCompile Include="..\src\base\nsEUCTWProber.cpp">
      <Filter>Source Files</Filter>
    </ClCompile>
    <ClCompile Include="..\src\base\nsGB2312Prober.cpp">
      <Filter>Source Files</Filter>
    </ClCompile>
    <ClCompile Include="..\src\base\nsHebrewProber.cpp">
      <Filter>Source Files</Filter>
    </ClCompile>
    <ClCompile Include="..\src\base\nsLatin1Prober.cpp">
      <Filter>Source Files</Filter>
    </ClCompile>
    <ClCompile Include="..\src\base\nsMBCSGroupProber.cpp">
      <Filter>Source Files</Filter>
    </ClCompile>
    <ClCompile Include="..\src\base\nsMBCSSM.cpp">
      <Filter>Source Files</Filter>
    </ClCompile>
    <ClCompile Include="..\src\base\nsSBCharSetProber.cpp">
      <Filter>Source Files</Filter>
    </ClCompile>
    <ClCompile Include="..\src\base\nsSBCSGroupProber.cpp">
      <Filter>Source Files</Filter>
    </ClCompile>
    <ClCompile Include="..\src\base\nsSJISProber.cpp">
      <Filter>Source Files</Filter>
    </ClCompile>
    <ClCompile Include="..\src\base\nsUniversalDetector.cpp">
      <Filter>Source Files</Filter>
    </ClCompile>
    <ClCompile Include="..\src\base\nsUTF8Prober.cpp">
      <Filter>Source Files</Filter>
    </ClCompile>
  </ItemGroup>
</Project>